
Microsoft Visual Studio Solution File, Format Version 12.00
# Visual Studio Version 16
VisualStudioVersion = 16.0.31829.152
MinimumVisualStudioVersion = 10.0.40219.1
Project("{2150E333-8FDC-42A3-9474-1A3956D46DE8}") = "Services", "Services", "{7A89EEDA-890E-463D-AD75-FB8A45DAB7DE}"
EndProject
Project("{2150E333-8FDC-42A3-9474-1A3956D46DE8}") = "Catalog", "Catalog", "{07C88808-7B9A-4619-A94B-9E5A8FF3D67D}"
EndProject
Project("{9A19103F-16F7-4668-BE54-9A1E7A4F7556}") = "Catalog.API", "Services\Catalog\Catalog.API\Catalog.API.csproj", "{817D81A7-ECA2-4439-8DA6-6AF5067CE226}"
EndProject
Project("{E53339B2-1760-4266-BCC7-CA923CBCF16C}") = "docker-compose", "docker-compose.dcproj", "{E473FAF7-5A67-45B9-9DEB-FD6388B1EA5E}"
EndProject
Project("{2150E333-8FDC-42A3-9474-1A3956D46DE8}") = "Basket", "Basket", "{9345506C-12E2-4067-A22C-19411FD84F23}"
EndProject
Project("{FAE04EC0-301F-11D3-BF4B-00C04F79EFBC}") = "Basket.API", "Services\Basket\Basket.API\Basket.API.csproj", "{A6369F15-0E13-41BE-8A67-34C478F63CE5}"
EndProject
Project("{2150E333-8FDC-42A3-9474-1A3956D46DE8}") = "Ordering", "Ordering", "{1EEDA79C-547C-4670-BE99-5D91B74D7246}"
EndProject
Project("{FAE04EC0-301F-11D3-BF4B-00C04F79EFBC}") = "Ordering.API", "Services\Ordering\Ordering.API\Ordering.API.csproj", "{E306AE46-B784-495C-B025-02003CB890F5}"
EndProject
Global
	GlobalSection(SolutionConfigurationPlatforms) = preSolution
		Debug|Any CPU = Debug|Any CPU
		Release|Any CPU = Release|Any CPU
	EndGlobalSection
	GlobalSection(ProjectConfigurationPlatforms) = postSolution
		{817D81A7-ECA2-4439-8DA6-6AF5067CE226}.Debug|Any CPU.ActiveCfg = Debug|Any CPU
		{817D81A7-ECA2-4439-8DA6-6AF5067CE226}.Debug|Any CPU.Build.0 = Debug|Any CPU
		{817D81A7-ECA2-4439-8DA6-6AF5067CE226}.Release|Any CPU.ActiveCfg = Release|Any CPU
		{817D81A7-ECA2-4439-8DA6-6AF5067CE226}.Release|Any CPU.Build.0 = Release|Any CPU
		{E473FAF7-5A67-45B9-9DEB-FD6388B1EA5E}.Debug|Any CPU.ActiveCfg = Debug|Any CPU
		{E473FAF7-5A67-45B9-9DEB-FD6388B1EA5E}.Debug|Any CPU.Build.0 = Debug|Any CPU
		{E473FAF7-5A67-45B9-9DEB-FD6388B1EA5E}.Release|Any CPU.ActiveCfg = Release|Any CPU
		{E473FAF7-5A67-45B9-9DEB-FD6388B1EA5E}.Release|Any CPU.Build.0 = Release|Any CPU
		{A6369F15-0E13-41BE-8A67-34C478F63CE5}.Debug|Any CPU.ActiveCfg = Debug|Any CPU
		{A6369F15-0E13-41BE-8A67-34C478F63CE5}.Debug|Any CPU.Build.0 = Debug|Any CPU
		{A6369F15-0E13-41BE-8A67-34C478F63CE5}.Release|Any CPU.ActiveCfg = Release|Any CPU
		{A6369F15-0E13-41BE-8A67-34C478F63CE5}.Release|Any CPU.Build.0 = Release|Any CPU
		{E306AE46-B784-495C-B025-02003CB890F5}.Debug|Any CPU.ActiveCfg = Debug|Any CPU
		{E306AE46-B784-495C-B025-02003CB890F5}.Debug|Any CPU.Build.0 = Debug|Any CPU
		{E306AE46-B784-495C-B025-02003CB890F5}.Release|Any CPU.ActiveCfg = Release|Any CPU
		{E306AE46-B784-495C-B025-02003CB890F5}.Release|Any CPU.Build.0 = Release|Any CPU
	EndGlobalSection
	GlobalSection(SolutionProperties) = preSolution
		HideSolutionNode = FALSE
	EndGlobalSection
	GlobalSection(NestedProjects) = preSolution
		{07C88808-7B9A-4619-A94B-9E5A8FF3D67D} = {7A89EEDA-890E-463D-AD75-FB8A45DAB7DE}
		{817D81A7-ECA2-4439-8DA6-6AF5067CE226} = {07C88808-7B9A-4619-A94B-9E5A8FF3D67D}
		{9345506C-12E2-4067-A22C-19411FD84F23} = {7A89EEDA-890E-463D-AD75-FB8A45DAB7DE}
		{A6369F15-0E13-41BE-8A67-34C478F63CE5} = {9345506C-12E2-4067-A22C-19411FD84F23}
		{1EEDA79C-547C-4670-BE99-5D91B74D7246} = {7A89EEDA-890E-463D-AD75-FB8A45DAB7DE}
		{E306AE46-B784-495C-B025-02003CB890F5} = {1EEDA79C-547C-4670-BE99-5D91B74D7246}
	EndGlobalSection
	GlobalSection(ExtensibilityGlobals) = postSolution
		SolutionGuid = {1211E063-3AAF-4B81-8168-218B8ECA226E}
	EndGlobalSection
EndGlobal
