
Microsoft Visual Studio Solution File, Format Version 12.00
# Visual Studio Version 16
VisualStudioVersion = 16.0.31829.152
MinimumVisualStudioVersion = 10.0.40219.1
Project("{2150E333-8FDC-42A3-9474-1A3956D46DE8}") = "Services", "Services", "{7A89EEDA-890E-463D-AD75-FB8A45DAB7DE}"
EndProject
Project("{2150E333-8FDC-42A3-9474-1A3956D46DE8}") = "Catalog", "Catalog", "{07C88808-7B9A-4619-A94B-9E5A8FF3D67D}"
EndProject
Project("{9A19103F-16F7-4668-BE54-9A1E7A4F7556}") = "Catalog.API", "Services\Catalog\Catalog.API\Catalog.API.csproj", "{817D81A7-ECA2-4439-8DA6-6AF5067CE226}"
EndProject
Project("{E53339B2-1760-4266-BCC7-CA923CBCF16C}") = "docker-compose", "docker-compose.dcproj", "{E473FAF7-5A67-45B9-9DEB-FD6388B1EA5E}"
EndProject
Project("{2150E333-8FDC-42A3-9474-1A3956D46DE8}") = "Basket", "Basket", "{9345506C-12E2-4067-A22C-19411FD84F23}"
EndProject
Project("{9A19103F-16F7-4668-BE54-9A1E7A4F7556}") = "Basket.API", "Services\Basket\Basket.API\Basket.API.csproj", "{A6369F15-0E13-41BE-8A67-34C478F63CE5}"
EndProject
Project("{2150E333-8FDC-42A3-9474-1A3956D46DE8}") = "Ordering", "Ordering", "{1EEDA79C-547C-4670-BE99-5D91B74D7246}"
EndProject
Project("{9A19103F-16F7-4668-BE54-9A1E7A4F7556}") = "Ordering.API", "Services\Ordering\Ordering.API\Ordering.API.csproj", "{E306AE46-B784-495C-B025-02003CB890F5}"
EndProject
Project("{9A19103F-16F7-4668-BE54-9A1E7A4F7556}") = "Ordering.Domain", "Services\Ordering\Ordering.Domain\Ordering.Domain.csproj", "{672FBC9B-D143-4EAA-A04F-5EB83B2CCD40}"
EndProject
Project("{9A19103F-16F7-4668-BE54-9A1E7A4F7556}") = "Ordering.Application", "Services\Ordering\Ordering.Application\Ordering.Application.csproj", "{29B1DA9C-8FAE-45C3-9A7D-C5F9BC953DCE}"
EndProject
Project("{9A19103F-16F7-4668-BE54-9A1E7A4F7556}") = "Ordering.Infrastructure", "Services\Ordering\Ordering.Infrastructure\Ordering.Infrastructure.csproj", "{04B161B1-486B-42E8-8540-2192F81C8BFB}"
EndProject
Project("{2150E333-8FDC-42A3-9474-1A3956D46DE8}") = "EventBus", "EventBus", "{31E9FBA2-B12A-4AC4-BBFE-56B0F61647C4}"
EndProject
Project("{9A19103F-16F7-4668-BE54-9A1E7A4F7556}") = "EventBus.Messages", "EventBus\EventBus.Messages\EventBus.Messages.csproj", "{7C5CF2E1-562E-4394-9F4C-64D599D78010}"
EndProject
Project("{2150E333-8FDC-42A3-9474-1A3956D46DE8}") = "Web.Apps", "Web.Apps", "{704420B5-ADC1-4F73-91EE-07BFF956E497}"
EndProject
Project("{2150E333-8FDC-42A3-9474-1A3956D46DE8}") = "ApiGateway", "ApiGateway", "{B444E6A1-B1EC-4CF4-ABBB-CFFBDC654BFE}"
EndProject
Project("{9A19103F-16F7-4668-BE54-9A1E7A4F7556}") = "OcelotApiGw", "ApiGateway\OcelotApiGw\OcelotApiGw.csproj", "{3AE6C933-4063-4AD8-9A61-88C8F3A80AA8}"
EndProject
Project("{9A19103F-16F7-4668-BE54-9A1E7A4F7556}") = "BalzorUiMicroservice", "Web.Apps\BalzorUiMicroservice\BalzorUiMicroservice.csproj", "{7104D70F-071F-40F3-8567-5642C0978B77}"
EndProject
Global
	GlobalSection(SolutionConfigurationPlatforms) = preSolution
		Debug|Any CPU = Debug|Any CPU
		Release|Any CPU = Release|Any CPU
	EndGlobalSection
	GlobalSection(ProjectConfigurationPlatforms) = postSolution
		{817D81A7-ECA2-4439-8DA6-6AF5067CE226}.Debug|Any CPU.ActiveCfg = Debug|Any CPU
		{817D81A7-ECA2-4439-8DA6-6AF5067CE226}.Debug|Any CPU.Build.0 = Debug|Any CPU
		{817D81A7-ECA2-4439-8DA6-6AF5067CE226}.Release|Any CPU.ActiveCfg = Release|Any CPU
		{817D81A7-ECA2-4439-8DA6-6AF5067CE226}.Release|Any CPU.Build.0 = Release|Any CPU
		{E473FAF7-5A67-45B9-9DEB-FD6388B1EA5E}.Debug|Any CPU.ActiveCfg = Debug|Any CPU
		{E473FAF7-5A67-45B9-9DEB-FD6388B1EA5E}.Debug|Any CPU.Build.0 = Debug|Any CPU
		{E473FAF7-5A67-45B9-9DEB-FD6388B1EA5E}.Release|Any CPU.ActiveCfg = Release|Any CPU
		{E473FAF7-5A67-45B9-9DEB-FD6388B1EA5E}.Release|Any CPU.Build.0 = Release|Any CPU
		{A6369F15-0E13-41BE-8A67-34C478F63CE5}.Debug|Any CPU.ActiveCfg = Debug|Any CPU
		{A6369F15-0E13-41BE-8A67-34C478F63CE5}.Debug|Any CPU.Build.0 = Debug|Any CPU
		{A6369F15-0E13-41BE-8A67-34C478F63CE5}.Release|Any CPU.ActiveCfg = Release|Any CPU
		{A6369F15-0E13-41BE-8A67-34C478F63CE5}.Release|Any CPU.Build.0 = Release|Any CPU
		{E306AE46-B784-495C-B025-02003CB890F5}.Debug|Any CPU.ActiveCfg = Debug|Any CPU
		{E306AE46-B784-495C-B025-02003CB890F5}.Debug|Any CPU.Build.0 = Debug|Any CPU
		{E306AE46-B784-495C-B025-02003CB890F5}.Release|Any CPU.ActiveCfg = Release|Any CPU
		{E306AE46-B784-495C-B025-02003CB890F5}.Release|Any CPU.Build.0 = Release|Any CPU
		{672FBC9B-D143-4EAA-A04F-5EB83B2CCD40}.Debug|Any CPU.ActiveCfg = Debug|Any CPU
		{672FBC9B-D143-4EAA-A04F-5EB83B2CCD40}.Debug|Any CPU.Build.0 = Debug|Any CPU
		{672FBC9B-D143-4EAA-A04F-5EB83B2CCD40}.Release|Any CPU.ActiveCfg = Release|Any CPU
		{672FBC9B-D143-4EAA-A04F-5EB83B2CCD40}.Release|Any CPU.Build.0 = Release|Any CPU
		{29B1DA9C-8FAE-45C3-9A7D-C5F9BC953DCE}.Debug|Any CPU.ActiveCfg = Debug|Any CPU
		{29B1DA9C-8FAE-45C3-9A7D-C5F9BC953DCE}.Debug|Any CPU.Build.0 = Debug|Any CPU
		{29B1DA9C-8FAE-45C3-9A7D-C5F9BC953DCE}.Release|Any CPU.ActiveCfg = Release|Any CPU
		{29B1DA9C-8FAE-45C3-9A7D-C5F9BC953DCE}.Release|Any CPU.Build.0 = Release|Any CPU
		{04B161B1-486B-42E8-8540-2192F81C8BFB}.Debug|Any CPU.ActiveCfg = Debug|Any CPU
		{04B161B1-486B-42E8-8540-2192F81C8BFB}.Debug|Any CPU.Build.0 = Debug|Any CPU
		{04B161B1-486B-42E8-8540-2192F81C8BFB}.Release|Any CPU.ActiveCfg = Release|Any CPU
		{04B161B1-486B-42E8-8540-2192F81C8BFB}.Release|Any CPU.Build.0 = Release|Any CPU
		{7C5CF2E1-562E-4394-9F4C-64D599D78010}.Debug|Any CPU.ActiveCfg = Debug|Any CPU
		{7C5CF2E1-562E-4394-9F4C-64D599D78010}.Debug|Any CPU.Build.0 = Debug|Any CPU
		{7C5CF2E1-562E-4394-9F4C-64D599D78010}.Release|Any CPU.ActiveCfg = Release|Any CPU
		{7C5CF2E1-562E-4394-9F4C-64D599D78010}.Release|Any CPU.Build.0 = Release|Any CPU
		{3AE6C933-4063-4AD8-9A61-88C8F3A80AA8}.Debug|Any CPU.ActiveCfg = Debug|Any CPU
		{3AE6C933-4063-4AD8-9A61-88C8F3A80AA8}.Debug|Any CPU.Build.0 = Debug|Any CPU
		{3AE6C933-4063-4AD8-9A61-88C8F3A80AA8}.Release|Any CPU.ActiveCfg = Release|Any CPU
		{3AE6C933-4063-4AD8-9A61-88C8F3A80AA8}.Release|Any CPU.Build.0 = Release|Any CPU
		{7104D70F-071F-40F3-8567-5642C0978B77}.Debug|Any CPU.ActiveCfg = Debug|Any CPU
		{7104D70F-071F-40F3-8567-5642C0978B77}.Debug|Any CPU.Build.0 = Debug|Any CPU
		{7104D70F-071F-40F3-8567-5642C0978B77}.Release|Any CPU.ActiveCfg = Release|Any CPU
		{7104D70F-071F-40F3-8567-5642C0978B77}.Release|Any CPU.Build.0 = Release|Any CPU
	EndGlobalSection
	GlobalSection(SolutionProperties) = preSolution
		HideSolutionNode = FALSE
	EndGlobalSection
	GlobalSection(NestedProjects) = preSolution
		{07C88808-7B9A-4619-A94B-9E5A8FF3D67D} = {7A89EEDA-890E-463D-AD75-FB8A45DAB7DE}
		{817D81A7-ECA2-4439-8DA6-6AF5067CE226} = {07C88808-7B9A-4619-A94B-9E5A8FF3D67D}
		{9345506C-12E2-4067-A22C-19411FD84F23} = {7A89EEDA-890E-463D-AD75-FB8A45DAB7DE}
		{A6369F15-0E13-41BE-8A67-34C478F63CE5} = {9345506C-12E2-4067-A22C-19411FD84F23}
		{1EEDA79C-547C-4670-BE99-5D91B74D7246} = {7A89EEDA-890E-463D-AD75-FB8A45DAB7DE}
		{E306AE46-B784-495C-B025-02003CB890F5} = {1EEDA79C-547C-4670-BE99-5D91B74D7246}
		{672FBC9B-D143-4EAA-A04F-5EB83B2CCD40} = {1EEDA79C-547C-4670-BE99-5D91B74D7246}
		{29B1DA9C-8FAE-45C3-9A7D-C5F9BC953DCE} = {1EEDA79C-547C-4670-BE99-5D91B74D7246}
		{04B161B1-486B-42E8-8540-2192F81C8BFB} = {1EEDA79C-547C-4670-BE99-5D91B74D7246}
		{7C5CF2E1-562E-4394-9F4C-64D599D78010} = {31E9FBA2-B12A-4AC4-BBFE-56B0F61647C4}
		{3AE6C933-4063-4AD8-9A61-88C8F3A80AA8} = {B444E6A1-B1EC-4CF4-ABBB-CFFBDC654BFE}
		{7104D70F-071F-40F3-8567-5642C0978B77} = {704420B5-ADC1-4F73-91EE-07BFF956E497}
	EndGlobalSection
	GlobalSection(ExtensibilityGlobals) = postSolution
		SolutionGuid = {1211E063-3AAF-4B81-8168-218B8ECA226E}
	EndGlobalSection
EndGlobal
